
Microsoft Visual Studio Solution File, Format Version 12.00
# Visual Studio 15
VisualStudioVersion = 15.0.26730.16
MinimumVisualStudioVersion = 10.0.40219.1
Project("{9A19103F-16F7-4668-BE54-9A1E7A4F7556}") = "LagoVista.MQTT.Core", "src\LagoVista.MQTT.Core\LagoVista.MQTT.Core.csproj", "{1D7A98C7-B8C3-4732-84A0-641B6C0475A5}"
EndProject
Global
	GlobalSection(SolutionConfigurationPlatforms) = preSolution
		Debug|Any CPU = Debug|Any CPU
		Release|Any CPU = Release|Any CPU
	EndGlobalSection
	GlobalSection(ProjectConfigurationPlatforms) = postSolution
		{1D7A98C7-B8C3-4732-84A0-641B6C0475A5}.Debug|Any CPU.ActiveCfg = Debug|Any CPU
		{1D7A98C7-B8C3-4732-84A0-641B6C0475A5}.Debug|Any CPU.Build.0 = Debug|Any CPU
		{1D7A98C7-B8C3-4732-84A0-641B6C0475A5}.Release|Any CPU.ActiveCfg = Release|Any CPU
		{1D7A98C7-B8C3-4732-84A0-641B6C0475A5}.Release|Any CPU.Build.0 = Release|Any CPU
	EndGlobalSection
	GlobalSection(SolutionProperties) = preSolution
		HideSolutionNode = FALSE
	EndGlobalSection
	GlobalSection(ExtensibilityGlobals) = postSolution
		SolutionGuid = {4EE74D0A-762E-4A25-9213-CFF71C70CEDF}
	EndGlobalSection
EndGlobal
